PODS:
  - WSSRefresh (0.0.2):
    - WSSRefresh/Base (= 0.0.2)
    - WSSRefresh/HorizontalRefresh (= 0.0.2)
    - WSSRefresh/VerticalRefresh (= 0.0.2)
  - WSSRefresh/Base (0.0.2)
  - WSSRefresh/HorizontalRefresh (0.0.2):
    - WSSRefresh/Base
  - WSSRefresh/VerticalRefresh (0.0.2):
    - WSSRefresh/Base

DEPENDENCIES:
  - WSSRefresh (from `../`)

EXTERNAL SOURCES:
  WSSRefresh:
    :path: "../"

SPEC CHECKSUMS:
  WSSRefresh: 90c11b5cb9964cd5f76d4dea1fea1f00d674310e

PODFILE CHECKSUM: 8286f909a237dea81485976dbcacfbe938253180

COCOAPODS: 1.8.3
