PODS:
  - WSSRefresh (0.0.1):
    - WSSRefresh/Base (= 0.0.1)
    - WSSRefresh/HorizontalRefresh (= 0.0.1)
    - WSSRefresh/VerticalRefresh (= 0.0.1)
  - WSSRefresh/Base (0.0.1)
  - WSSRefresh/HorizontalRefresh (0.0.1):
    - WSSRefresh/Base
  - WSSRefresh/VerticalRefresh (0.0.1):
    - WSSRefresh/Base

DEPENDENCIES:
  - WSSRefresh (from `../`)

EXTERNAL SOURCES:
  WSSRefresh:
    :path: "../"

SPEC CHECKSUMS:
  WSSRefresh: dcd1c25cea03c49079df4f76ae76d906eed42a73

PODFILE CHECKSUM: c9643f3b3d3ca0a7966ecfd0d02eac2f6a59ffd9

COCOAPODS: 1.7.3
